// !$*UTF8*$!
{
	archiveVersion = 1;
	classes = {
	};
	objectVersion = 50;
	objects = {

/* Begin PBXBuildFile section */
		ABC2DA82252A8D376860A653 /* Pods_MetaMotionLogger.framework in Frameworks */ = {isa = PBXBuildFile; fileRef = E684A60C1E5231DD93F26A9A /* Pods_MetaMotionLogger.framework */; };
		C67DA5EC2267B005007550C5 /* UIColor+Hex.swift in Sources */ = {isa = PBXBuildFile; fileRef = C67DA5EB2267B005007550C5 /* UIColor+Hex.swift */; };
		C67DA5EE2267B00B007550C5 /* FileWriter.swift in Sources */ = {isa = PBXBuildFile; fileRef = C67DA5ED2267B00B007550C5 /* FileWriter.swift */; };
		C67DA5F12267B012007550C5 /* GraphView.swift in Sources */ = {isa = PBXBuildFile; fileRef = C67DA5EF2267B012007550C5 /* GraphView.swift */; };
		C67DA5F22267B012007550C5 /* SIFlatButton.swift in Sources */ = {isa = PBXBuildFile; fileRef = C67DA5F02267B012007550C5 /* SIFlatButton.swift */; };
		C67DA5F42267B555007550C5 /* PairingVC.swift in Sources */ = {isa = PBXBuildFile; fileRef = C67DA5F32267B555007550C5 /* PairingVC.swift */; };
		C6A02AC22267E38900EA2DEA /* UIViewController+HUD.swift in Sources */ = {isa = PBXBuildFile; fileRef = C6A02AC12267E38900EA2DEA /* UIViewController+HUD.swift */; };
		C6AA73F22266B911008042C7 /* AppDelegate.swift in Sources */ = {isa = PBXBuildFile; fileRef = C6AA73F12266B911008042C7 /* AppDelegate.swift */; };
		C6AA73F72266B911008042C7 /* Main.storyboard in Resources */ = {isa = PBXBuildFile; fileRef = C6AA73F52266B911008042C7 /* Main.storyboard */; };
		C6AA73F92266B912008042C7 /* Assets.xcassets in Resources */ = {isa = PBXBuildFile; fileRef = C6AA73F82266B912008042C7 /* Assets.xcassets */; };
		C6AA73FC2266B912008042C7 /* LaunchScreen.storyboard in Resources */ = {isa = PBXBuildFile; fileRef = C6AA73FA2266B912008042C7 /* LaunchScreen.storyboard */; };
		C6D075472269726100D35C2A /* MetaWearManager.swift in Sources */ = {isa = PBXBuildFile; fileRef = C6D075462269726100D35C2A /* MetaWearManager.swift */; };
		C6D0754A226979D300D35C2A /* MonitoringVC.swift in Sources */ = {isa = PBXBuildFile; fileRef = C6D07549226979D300D35C2A /* MonitoringVC.swift */; };
/* End PBXBuildFile section */

/* Begin PBXFileReference section */
		2994189C94DED78FFE101548 /* Pods-MetaMotionLogger.release.xcconfig */ = {isa = PBXFileReference; includeInIndex = 1; lastKnownFileType = text.xcconfig; name = "Pods-MetaMotionLogger.release.xcconfig"; path = "Target Support Files/Pods-MetaMotionLogger/Pods-MetaMotionLogger.release.xcconfig"; sourceTree = "<group>"; };
		3711F7FD6563C55015F33B54 /* Pods-MetaMotionLogger.debug.xcconfig */ = {isa = PBXFileReference; includeInIndex = 1; lastKnownFileType = text.xcconfig; name = "Pods-MetaMotionLogger.debug.xcconfig"; path = "Target Support Files/Pods-MetaMotionLogger/Pods-MetaMotionLogger.debug.xcconfig"; sourceTree = "<group>"; };
		C67DA5EB2267B005007550C5 /* UIColor+Hex.swift */ = {isa = PBXFileReference; fileEncoding = 4; lastKnownFileType = sourcecode.swift; path = "UIColor+Hex.swift"; sourceTree = "<group>"; };
		C67DA5ED2267B00B007550C5 /* FileWriter.swift */ = {isa = PBXFileReference; fileEncoding = 4; lastKnownFileType = sourcecode.swift; path = FileWriter.swift; sourceTree = "<group>"; };
		C67DA5EF2267B012007550C5 /* GraphView.swift */ = {isa = PBXFileReference; fileEncoding = 4; lastKnownFileType = sourcecode.swift; path = GraphView.swift; sourceTree = "<group>"; };
		C67DA5F02267B012007550C5 /* SIFlatButton.swift */ = {isa = PBXFileReference; fileEncoding = 4; lastKnownFileType = sourcecode.swift; path = SIFlatButton.swift; sourceTree = "<group>"; };
		C67DA5F32267B555007550C5 /* PairingVC.swift */ = {isa = PBXFileReference; lastKnownFileType = sourcecode.swift; path = PairingVC.swift; sourceTree = "<group>"; };
		C6A02AC12267E38900EA2DEA /* UIViewController+HUD.swift */ = {isa = PBXFileReference; lastKnownFileType = sourcecode.swift; path = "UIViewController+HUD.swift"; sourceTree = "<group>"; };
		C6AA73EE2266B911008042C7 /* MetaMotionLogger.app */ = {isa = PBXFileReference; explicitFileType = wrapper.application; includeInIndex = 0; path = MetaMotionLogger.app; sourceTree = BUILT_PRODUCTS_DIR; };
		C6AA73F12266B911008042C7 /* AppDelegate.swift */ = {isa = PBXFileReference; lastKnownFileType = sourcecode.swift; path = AppDelegate.swift; sourceTree = "<group>"; };
		C6AA73F62266B911008042C7 /* Base */ = {isa = PBXFileReference; lastKnownFileType = file.storyboard; name = Base; path = Base.lproj/Main.storyboard; sourceTree = "<group>"; };
		C6AA73F82266B912008042C7 /* Assets.xcassets */ = {isa = PBXFileReference; lastKnownFileType = folder.assetcatalog; path = Assets.xcassets; sourceTree = "<group>"; };
		C6AA73FB2266B912008042C7 /* Base */ = {isa = PBXFileReference; lastKnownFileType = file.storyboard; name = Base; path = Base.lproj/LaunchScreen.storyboard; sourceTree = "<group>"; };
		C6AA73FD2266B912008042C7 /* Info.plist */ = {isa = PBXFileReference; lastKnownFileType = text.plist.xml; path = Info.plist; sourceTree = "<group>"; };
		C6D075462269726100D35C2A /* MetaWearManager.swift */ = {isa = PBXFileReference; lastKnownFileType = sourcecode.swift; path = MetaWearManager.swift; sourceTree = "<group>"; };
		C6D07549226979D300D35C2A /* MonitoringVC.swift */ = {isa = PBXFileReference; lastKnownFileType = sourcecode.swift; path = MonitoringVC.swift; sourceTree = "<group>"; };
		E684A60C1E5231DD93F26A9A /* Pods_MetaMotionLogger.framework */ = {isa = PBXFileReference; explicitFileType = wrapper.framework; includeInIndex = 0; path = Pods_MetaMotionLogger.framework; sourceTree = BUILT_PRODUCTS_DIR; };
/* End PBXFileReference section */

/* Begin PBXFrameworksBuildPhase section */
		C6AA73EB2266B911008042C7 /* Frameworks */ = {
			isa = PBXFrameworksBuildPhase;
			buildActionMask = 2147483647;
			files = (
				ABC2DA82252A8D376860A653 /* Pods_MetaMotionLogger.framework in Frameworks */,
			);
			runOnlyForDeploymentPostprocessing = 0;
		};
/* End PBXFrameworksBuildPhase section */

/* Begin PBXGroup section */
		38EE7247F96C23FC7CF24130 /* Frameworks */ = {
			isa = PBXGroup;
			children = (
				E684A60C1E5231DD93F26A9A /* Pods_MetaMotionLogger.framework */,
			);
			name = Frameworks;
			sourceTree = "<group>";
		};
		A6104015E966907B1CC4403B /* Pods */ = {
			isa = PBXGroup;
			children = (
				3711F7FD6563C55015F33B54 /* Pods-MetaMotionLogger.debug.xcconfig */,
				2994189C94DED78FFE101548 /* Pods-MetaMotionLogger.release.xcconfig */,
			);
			path = Pods;
			sourceTree = "<group>";
		};
		C67DA5E72267AFC0007550C5 /* View */ = {
			isa = PBXGroup;
			children = (
				C67DA5EF2267B012007550C5 /* GraphView.swift */,
				C67DA5F02267B012007550C5 /* SIFlatButton.swift */,
			);
			path = View;
			sourceTree = "<group>";
		};
		C67DA5E82267AFCE007550C5 /* ViewController */ = {
			isa = PBXGroup;
			children = (
				C67DA5F32267B555007550C5 /* PairingVC.swift */,
				C6D07549226979D300D35C2A /* MonitoringVC.swift */,
			);
			path = ViewController;
			sourceTree = "<group>";
		};
		C67DA5E92267AFD6007550C5 /* Extensions */ = {
			isa = PBXGroup;
			children = (
				C67DA5EB2267B005007550C5 /* UIColor+Hex.swift */,
				C6A02AC12267E38900EA2DEA /* UIViewController+HUD.swift */,
			);
			path = Extensions;
			sourceTree = "<group>";
		};
		C67DA5EA2267AFEF007550C5 /* Common */ = {
			isa = PBXGroup;
			children = (
				C67DA5ED2267B00B007550C5 /* FileWriter.swift */,
				C6D075462269726100D35C2A /* MetaWearManager.swift */,
			);
			path = Common;
			sourceTree = "<group>";
		};
		C6AA73E52266B911008042C7 = {
			isa = PBXGroup;
			children = (
				C6AA73F02266B911008042C7 /* MetaMotionLogger */,
				C6AA73EF2266B911008042C7 /* Products */,
				A6104015E966907B1CC4403B /* Pods */,
				38EE7247F96C23FC7CF24130 /* Frameworks */,
			);
			sourceTree = "<group>";
		};
		C6AA73EF2266B911008042C7 /* Products */ = {
			isa = PBXGroup;
			children = (
				C6AA73EE2266B911008042C7 /* MetaMotionLogger.app */,
			);
			name = Products;
			sourceTree = "<group>";
		};
		C6AA73F02266B911008042C7 /* MetaMotionLogger */ = {
			isa = PBXGroup;
			children = (
				C67DA5EA2267AFEF007550C5 /* Common */,
				C67DA5E92267AFD6007550C5 /* Extensions */,
				C67DA5E82267AFCE007550C5 /* ViewController */,
				C67DA5E72267AFC0007550C5 /* View */,
				C6AA73F12266B911008042C7 /* AppDelegate.swift */,
				C6AA73F52266B911008042C7 /* Main.storyboard */,
				C6AA73F82266B912008042C7 /* Assets.xcassets */,
				C6AA73FA2266B912008042C7 /* LaunchScreen.storyboard */,
				C6AA73FD2266B912008042C7 /* Info.plist */,
			);
			path = MetaMotionLogger;
			sourceTree = "<group>";
		};
/* End PBXGroup section */

/* Begin PBXNativeTarget section */
		C6AA73ED2266B911008042C7 /* MetaMotionLogger */ = {
			isa = PBXNativeTarget;
			buildConfigurationList = C6AA74002266B912008042C7 /* Build configuration list for PBXNativeTarget "MetaMotionLogger" */;
			buildPhases = (
				7903F9629A45F5C3C7FBC299 /* [CP] Check Pods Manifest.lock */,
				C6AA73EA2266B911008042C7 /* Sources */,
				C6AA73EB2266B911008042C7 /* Frameworks */,
				C6AA73EC2266B911008042C7 /* Resources */,
				C10B6AB2B26B565B090BF5D7 /* [CP] Embed Pods Frameworks */,
			);
			buildRules = (
			);
			dependencies = (
			);
			name = MetaMotionLogger;
			productName = MetaMotionLogger;
			productReference = C6AA73EE2266B911008042C7 /* MetaMotionLogger.app */;
			productType = "com.apple.product-type.application";
		};
/* End PBXNativeTarget section */

/* Begin PBXProject section */
		C6AA73E62266B911008042C7 /* Project object */ = {
			isa = PBXProject;
			attributes = {
				LastSwiftUpdateCheck = 1020;
				LastUpgradeCheck = 1020;
				ORGANIZATIONNAME = shoya140;
				TargetAttributes = {
					C6AA73ED2266B911008042C7 = {
						CreatedOnToolsVersion = 10.2;
					};
				};
			};
			buildConfigurationList = C6AA73E92266B911008042C7 /* Build configuration list for PBXProject "MetaMotionLogger" */;
			compatibilityVersion = "Xcode 9.3";
			developmentRegion = en;
			hasScannedForEncodings = 0;
			knownRegions = (
				en,
				Base,
			);
			mainGroup = C6AA73E52266B911008042C7;
			productRefGroup = C6AA73EF2266B911008042C7 /* Products */;
			projectDirPath = "";
			projectRoot = "";
			targets = (
				C6AA73ED2266B911008042C7 /* MetaMotionLogger */,
			);
		};
/* End PBXProject section */

/* Begin PBXResourcesBuildPhase section */
		C6AA73EC2266B911008042C7 /* Resources */ = {
			isa = PBXResourcesBuildPhase;
			buildActionMask = 2147483647;
			files = (
				C6AA73FC2266B912008042C7 /* LaunchScreen.storyboard in Resources */,
				C6AA73F92266B912008042C7 /* Assets.xcassets in Resources */,
				C6AA73F72266B911008042C7 /* Main.storyboard in Resources */,
			);
			runOnlyForDeploymentPostprocessing = 0;
		};
/* End PBXResourcesBuildPhase section */

/* Begin PBXShellScriptBuildPhase section */
		7903F9629A45F5C3C7FBC299 /* [CP] Check Pods Manifest.lock */ = {
			isa = PBXShellScriptBuildPhase;
			buildActionMask = 2147483647;
			files = (
			);
			inputFileListPaths = (
			);
			inputPaths = (
				"${PODS_PODFILE_DIR_PATH}/Podfile.lock",
				"${PODS_ROOT}/Manifest.lock",
			);
			name = "[CP] Check Pods Manifest.lock";
			outputFileListPaths = (
			);
			outputPaths = (
				"$(DERIVED_FILE_DIR)/Pods-MetaMotionLogger-checkManifestLockResult.txt",
			);
			runOnlyForDeploymentPostprocessing = 0;
			shellPath = /bin/sh;
			shellScript = "diff \"${PODS_PODFILE_DIR_PATH}/Podfile.lock\" \"${PODS_ROOT}/Manifest.lock\" > /dev/null\nif [ $? != 0 ] ; then\n    # print error to STDERR\n    echo \"error: The sandbox is not in sync with the Podfile.lock. Run 'pod install' or update your CocoaPods installation.\" >&2\n    exit 1\nfi\n# This output is used by Xcode 'outputs' to avoid re-running this script phase.\necho \"SUCCESS\" > \"${SCRIPT_OUTPUT_FILE_0}\"\n";
			showEnvVarsInLog = 0;
		};
		C10B6AB2B26B565B090BF5D7 /* [CP] Embed Pods Frameworks */ = {
			isa = PBXShellScriptBuildPhase;
			buildActionMask = 2147483647;
			files = (
			);
			inputFileListPaths = (
			);
			inputPaths = (
				"${PODS_ROOT}/Target Support Files/Pods-MetaMotionLogger/Pods-MetaMotionLogger-frameworks.sh",
				"${BUILT_PRODUCTS_DIR}/Bolts-Swift/BoltsSwift.framework",
				"${BUILT_PRODUCTS_DIR}/MetaWear/MetaWear.framework",
				"${BUILT_PRODUCTS_DIR}/Zip/Zip.framework",
				"${BUILT_PRODUCTS_DIR}/iOSDFULibrary/iOSDFULibrary.framework",
			);
			name = "[CP] Embed Pods Frameworks";
			outputFileListPaths = (
			);
			outputPaths = (
				"${TARGET_BUILD_DIR}/${FRAMEWORKS_FOLDER_PATH}/BoltsSwift.framework",
				"${TARGET_BUILD_DIR}/${FRAMEWORKS_FOLDER_PATH}/MetaWear.framework",
				"${TARGET_BUILD_DIR}/${FRAMEWORKS_FOLDER_PATH}/Zip.framework",
				"${TARGET_BUILD_DIR}/${FRAMEWORKS_FOLDER_PATH}/iOSDFULibrary.framework",
			);
			runOnlyForDeploymentPostprocessing = 0;
			shellPath = /bin/sh;
			shellScript = "\"${PODS_ROOT}/Target Support Files/Pods-MetaMotionLogger/Pods-MetaMotionLogger-frameworks.sh\"\n";
			showEnvVarsInLog = 0;
		};
/* End PBXShellScriptBuildPhase section */

/* Begin PBXSourcesBuildPhase section */
		C6AA73EA2266B911008042C7 /* Sources */ = {
			isa = PBXSourcesBuildPhase;
			buildActionMask = 2147483647;
			files = (
				C67DA5F22267B012007550C5 /* SIFlatButton.swift in Sources */,
				C6D075472269726100D35C2A /* MetaWearManager.swift in Sources */,
				C67DA5F12267B012007550C5 /* GraphView.swift in Sources */,
				C67DA5EE2267B00B007550C5 /* FileWriter.swift in Sources */,
				C6D0754A226979D300D35C2A /* MonitoringVC.swift in Sources */,
				C67DA5EC2267B005007550C5 /* UIColor+Hex.swift in Sources */,
				C6A02AC22267E38900EA2DEA /* UIViewController+HUD.swift in Sources */,
				C6AA73F22266B911008042C7 /* AppDelegate.swift in Sources */,
				C67DA5F42267B555007550C5 /* PairingVC.swift in Sources */,
			);
			runOnlyForDeploymentPostprocessing = 0;
		};
/* End PBXSourcesBuildPhase section */

/* Begin PBXVariantGroup section */
		C6AA73F52266B911008042C7 /* Main.storyboard */ = {
			isa = PBXVariantGroup;
			children = (
				C6AA73F62266B911008042C7 /* Base */,
			);
			name = Main.storyboard;
			sourceTree = "<group>";
		};
		C6AA73FA2266B912008042C7 /* LaunchScreen.storyboard */ = {
			isa = PBXVariantGroup;
			children = (
				C6AA73FB2266B912008042C7 /* Base */,
			);
			name = LaunchScreen.storyboard;
			sourceTree = "<group>";
		};
/* End PBXVariantGroup section */

/* Begin XCBuildConfiguration section */
		C6AA73FE2266B912008042C7 /* Debug */ = {
			isa = XCBuildConfiguration;
			buildSettings = {
				ALWAYS_SEARCH_USER_PATHS = NO;
				CLANG_ANALYZER_NONNULL = YES;
				CLANG_ANALYZER_NUMBER_OBJECT_CONVERSION = YES_AGGRESSIVE;
				CLANG_CXX_LANGUAGE_STANDARD = "gnu++14";
				CLANG_CXX_LIBRARY = "libc++";
				CLANG_ENABLE_MODULES = YES;
				CLANG_ENABLE_OBJC_ARC = YES;
				CLANG_ENABLE_OBJC_WEAK = YES;
				CLANG_WARN_BLOCK_CAPTURE_AUTORELEASING = YES;
				CLANG_WARN_BOOL_CONVERSION = YES;
				CLANG_WARN_COMMA = YES;
				CLANG_WARN_CONSTANT_CONVERSION = YES;
				CLANG_WARN_DEPRECATED_OBJC_IMPLEMENTATIONS = YES;
				CLANG_WARN_DIRECT_OBJC_ISA_USAGE = YES_ERROR;
				CLANG_WARN_DOCUMENTATION_COMMENTS = YES;
				CLANG_WARN_EMPTY_BODY = YES;
				CLANG_WARN_ENUM_CONVERSION = YES;
				CLANG_WARN_INFINITE_RECURSION = YES;
				CLANG_WARN_INT_CONVERSION = YES;
				CLANG_WARN_NON_LITERAL_NULL_CONVERSION = YES;
				CLANG_WARN_OBJC_IMPLICIT_RETAIN_SELF = YES;
				CLANG_WARN_OBJC_LITERAL_CONVERSION = YES;
				CLANG_WARN_OBJC_ROOT_CLASS = YES_ERROR;
				CLANG_WARN_RANGE_LOOP_ANALYSIS = YES;
				CLANG_WARN_STRICT_PROTOTYPES = YES;
				CLANG_WARN_SUSPICIOUS_MOVE = YES;
				CLANG_WARN_UNGUARDED_AVAILABILITY = YES_AGGRESSIVE;
				CLANG_WARN_UNREACHABLE_CODE = YES;
				CLANG_WARN__DUPLICATE_METHOD_MATCH = YES;
				CODE_SIGN_IDENTITY = "iPhone Developer";
				COPY_PHASE_STRIP = NO;
				DEBUG_INFORMATION_FORMAT = dwarf;
				ENABLE_STRICT_OBJC_MSGSEND = YES;
				ENABLE_TESTABILITY = YES;
				GCC_C_LANGUAGE_STANDARD = gnu11;
				GCC_DYNAMIC_NO_PIC = NO;
				GCC_NO_COMMON_BLOCKS = YES;
				GCC_OPTIMIZATION_LEVEL = 0;
				GCC_PREPROCESSOR_DEFINITIONS = (
					"DEBUG=1",
					"$(inherited)",
				);
				GCC_WARN_64_TO_32_BIT_CONVERSION = YES;
				GCC_WARN_ABOUT_RETURN_TYPE = YES_ERROR;
				GCC_WARN_UNDECLARED_SELECTOR = YES;
				GCC_WARN_UNINITIALIZED_AUTOS = YES_AGGRESSIVE;
				GCC_WARN_UNUSED_FUNCTION = YES;
				GCC_WARN_UNUSED_VARIABLE = YES;
				IPHONEOS_DEPLOYMENT_TARGET = 12.2;
				MTL_ENABLE_DEBUG_INFO = INCLUDE_SOURCE;
				MTL_FAST_MATH = YES;
				ONLY_ACTIVE_ARCH = YES;
				SDKROOT = iphoneos;
				SWIFT_ACTIVE_COMPILATION_CONDITIONS = DEBUG;
				SWIFT_OPTIMIZATION_LEVEL = "-Onone";
			};
			name = Debug;
		};
		C6AA73FF2266B912008042C7 /* Release */ = {
			isa = XCBuildConfiguration;
			buildSettings = {
				ALWAYS_SEARCH_USER_PATHS = NO;
				CLANG_ANALYZER_NONNULL = YES;
				CLANG_ANALYZER_NUMBER_OBJECT_CONVERSION = YES_AGGRESSIVE;
				CLANG_CXX_LANGUAGE_STANDARD = "gnu++14";
				CLANG_CXX_LIBRARY = "libc++";
				CLANG_ENABLE_MODULES = YES;
				CLANG_ENABLE_OBJC_ARC = YES;
				CLANG_ENABLE_OBJC_WEAK = YES;
				CLANG_WARN_BLOCK_CAPTURE_AUTORELEASING = YES;
				CLANG_WARN_BOOL_CONVERSION = YES;
				CLANG_WARN_COMMA = YES;
				CLANG_WARN_CONSTANT_CONVERSION = YES;
				CLANG_WARN_DEPRECATED_OBJC_IMPLEMENTATIONS = YES;
				CLANG_WARN_DIRECT_OBJC_ISA_USAGE = YES_ERROR;
				CLANG_WARN_DOCUMENTATION_COMMENTS = YES;
				CLANG_WARN_EMPTY_BODY = YES;
				CLANG_WARN_ENUM_CONVERSION = YES;
				CLANG_WARN_INFINITE_RECURSION = YES;
				CLANG_WARN_INT_CONVERSION = YES;
				CLANG_WARN_NON_LITERAL_NULL_CONVERSION = YES;
				CLANG_WARN_OBJC_IMPLICIT_RETAIN_SELF = YES;
				CLANG_WARN_OBJC_LITERAL_CONVERSION = YES;
				CLANG_WARN_OBJC_ROOT_CLASS = YES_ERROR;
				CLANG_WARN_RANGE_LOOP_ANALYSIS = YES;
				CLANG_WARN_STRICT_PROTOTYPES = YES;
				CLANG_WARN_SUSPICIOUS_MOVE = YES;
				CLANG_WARN_UNGUARDED_AVAILABILITY = YES_AGGRESSIVE;
				CLANG_WARN_UNREACHABLE_CODE = YES;
				CLANG_WARN__DUPLICATE_METHOD_MATCH = YES;
				CODE_SIGN_IDENTITY = "iPhone Developer";
				COPY_PHASE_STRIP = NO;
				DEBUG_INFORMATION_FORMAT = "dwarf-with-dsym";
				ENABLE_NS_ASSERTIONS = NO;
				ENABLE_STRICT_OBJC_MSGSEND = YES;
				GCC_C_LANGUAGE_STANDARD = gnu11;
				GCC_NO_COMMON_BLOCKS = YES;
				GCC_WARN_64_TO_32_BIT_CONVERSION = YES;
				GCC_WARN_ABOUT_RETURN_TYPE = YES_ERROR;
				GCC_WARN_UNDECLARED_SELECTOR = YES;
				GCC_WARN_UNINITIALIZED_AUTOS = YES_AGGRESSIVE;
				GCC_WARN_UNUSED_FUNCTION = YES;
				GCC_WARN_UNUSED_VARIABLE = YES;
				IPHONEOS_DEPLOYMENT_TARGET = 12.2;
				MTL_ENABLE_DEBUG_INFO = NO;
				MTL_FAST_MATH = YES;
				SDKROOT = iphoneos;
				SWIFT_COMPILATION_MODE = wholemodule;
				SWIFT_OPTIMIZATION_LEVEL = "-O";
				VALIDATE_PRODUCT = YES;
			};
			name = Release;
		};
		C6AA74012266B912008042C7 /* Debug */ = {
			isa = XCBuildConfiguration;
			baseConfigurationReference = 3711F7FD6563C55015F33B54 /* Pods-MetaMotionLogger.debug.xcconfig */;
			buildSettings = {
				ASSETCATALOG_COMPILER_APPICON_NAME = AppIcon;
				CODE_SIGN_STYLE = Automatic;
				DEVELOPMENT_TEAM = 9H6D4RUJ3S;
				FRAMEWORK_SEARCH_PATHS = (
					"$(inherited)",
					"$(PROJECT_DIR)",
				);
				INFOPLIST_FILE = MetaMotionLogger/Info.plist;
				LD_RUNPATH_SEARCH_PATHS = (
					"$(inherited)",
					"@executable_path/Frameworks",
				);
				PRODUCT_BUNDLE_IDENTIFIER = io.shoya.MetaMotionLogger;
				PRODUCT_NAME = "$(TARGET_NAME)";
				SWIFT_VERSION = 5.0;
				TARGETED_DEVICE_FAMILY = "1,2";
			};
			name = Debug;
		};
		C6AA74022266B912008042C7 /* Release */ = {
			isa = XCBuildConfiguration;
			baseConfigurationReference = 2994189C94DED78FFE101548 /* Pods-MetaMotionLogger.release.xcconfig */;
			buildSettings = {
				ASSETCATALOG_COMPILER_APPICON_NAME = AppIcon;
				CODE_SIGN_STYLE = Automatic;
				DEVELOPMENT_TEAM = 9H6D4RUJ3S;
				FRAMEWORK_SEARCH_PATHS = (
					"$(inherited)",
					"$(PROJECT_DIR)",
				);
				INFOPLIST_FILE = MetaMotionLogger/Info.plist;
				LD_RUNPATH_SEARCH_PATHS = (
					"$(inherited)",
					"@executable_path/Frameworks",
				);
				PRODUCT_BUNDLE_IDENTIFIER = io.shoya.MetaMotionLogger;
				PRODUCT_NAME = "$(TARGET_NAME)";
				SWIFT_VERSION = 5.0;
				TARGETED_DEVICE_FAMILY = "1,2";
			};
			name = Release;
		};
/* End XCBuildConfiguration section */

/* Begin XCConfigurationList section */
		C6AA73E92266B911008042C7 /* Build configuration list for PBXProject "MetaMotionLogger" */ = {
			isa = XCConfigurationList;
			buildConfigurations = (
				C6AA73FE2266B912008042C7 /* Debug */,
				C6AA73FF2266B912008042C7 /* Release */,
			);
			defaultConfigurationIsVisible = 0;
			defaultConfigurationName = Release;
		};
		C6AA74002266B912008042C7 /* Build configuration list for PBXNativeTarget "MetaMotionLogger" */ = {
			isa = XCConfigurationList;
			buildConfigurations = (
				C6AA74012266B912008042C7 /* Debug */,
				C6AA74022266B912008042C7 /* Release */,
			);
			defaultConfigurationIsVisible = 0;
			defaultConfigurationName = Release;
		};
/* End XCConfigurationList section */
	};
	rootObject = C6AA73E62266B911008042C7 /* Project object */;
}
